// !$*UTF8*$!
{
	archiveVersion = 1;
	classes = {
	};
	objectVersion = 46;
	objects = {

/* Begin PBXBuildFile section */
		ECFC64C41DA665B40028F139 /* AppDelegate.swift in Sources */ = {isa = PBXBuildFile; fileRef = ECFC64C31DA665B40028F139 /* AppDelegate.swift */; };
		ECFC64C61DA665B40028F139 /* ViewController.swift in Sources */ = {isa = PBXBuildFile; fileRef = ECFC64C51DA665B40028F139 /* ViewController.swift */; };
		ECFC64C91DA665B40028F139 /* Main.storyboard in Resources */ = {isa = PBXBuildFile; fileRef = ECFC64C71DA665B40028F139 /* Main.storyboard */; };
		ECFC64CB1DA665B40028F139 /* Assets.xcassets in Resources */ = {isa = PBXBuildFile; fileRef = ECFC64CA1DA665B40028F139 /* Assets.xcassets */; };
		ECFC64CE1DA665B40028F139 /* LaunchScreen.storyboard in Resources */ = {isa = PBXBuildFile; fileRef = ECFC64CC1DA665B40028F139 /* LaunchScreen.storyboard */; };
/* End PBXBuildFile section */

/* Begin PBXFileReference section */
		ECFC64C01DA665B40028F139 /* ScroolView2.app */ = {isa = PBXFileReference; explicitFileType = wrapper.application; includeInIndex = 0; path = ScroolView2.app; sourceTree = BUILT_PRODUCTS_DIR; };
		ECFC64C31DA665B40028F139 /* AppDelegate.swift */ = {isa = PBXFileReference; lastKnownFileType = sourcecode.swift; path = AppDelegate.swift; sourceTree = "<group>"; };
		ECFC64C51DA665B40028F139 /* ViewController.swift */ = {isa = PBXFileReference; lastKnownFileType = sourcecode.swift; path = ViewController.swift; sourceTree = "<group>"; };
		ECFC64C81DA665B40028F139 /* Base */ = {isa = PBXFileReference; lastKnownFileType = file.storyboard; name = Base; path = Base.lproj/Main.storyboard; sourceTree = "<group>"; };
		ECFC64CA1DA665B40028F139 /* Assets.xcassets */ = {isa = PBXFileReference; lastKnownFileType = folder.assetcatalog; path = Assets.xcassets; sourceTree = "<group>"; };
		ECFC64CD1DA665B40028F139 /* Base */ = {isa = PBXFileReference; lastKnownFileType = file.storyboard; name = Base; path = Base.lproj/LaunchScreen.storyboard; sourceTree = "<group>"; };
		ECFC64CF1DA665B40028F139 /* Info.plist */ = {isa = PBXFileReference; lastKnownFileType = text.plist.xml; path = Info.plist; sourceTree = "<group>"; };
/* End PBXFileReference section */

/* Begin PBXFrameworksBuildPhase section */
		ECFC64BD1DA665B40028F139 /* Frameworks */ = {
			isa = PBXFrameworksBuildPhase;
			buildActionMask = 2147483647;
			files = (
			);
			runOnlyForDeploymentPostprocessing = 0;
		};
/* End PBXFrameworksBuildPhase section */

/* Begin PBXGroup section */
		ECFC64B71DA665B40028F139 = {
			isa = PBXGroup;
			children = (
				ECFC64C21DA665B40028F139 /* ScroolView2 */,
				ECFC64C11DA665B40028F139 /* Products */,
			);
			sourceTree = "<group>";
		};
		ECFC64C11DA665B40028F139 /* Products */ = {
			isa = PBXGroup;
			children = (
				ECFC64C01DA665B40028F139 /* ScroolView2.app */,
			);
			name = Products;
			sourceTree = "<group>";
		};
		ECFC64C21DA665B40028F139 /* ScroolView2 */ = {
			isa = PBXGroup;
			children = (
				ECFC64C31DA665B40028F139 /* AppDelegate.swift */,
				ECFC64C51DA665B40028F139 /* ViewController.swift */,
				ECFC64C71DA665B40028F139 /* Main.storyboard */,
				ECFC64CA1DA665B40028F139 /* Assets.xcassets */,
				ECFC64CC1DA665B40028F139 /* LaunchScreen.storyboard */,
				ECFC64CF1DA665B40028F139 /* Info.plist */,
			);
			path = ScroolView2;
			sourceTree = "<group>";
		};
/* End PBXGroup section */

/* Begin PBXNativeTarget section */
		ECFC64BF1DA665B40028F139 /* ScroolView2 */ = {
			isa = PBXNativeTarget;
			buildConfigurationList = ECFC64D21DA665B40028F139 /* Build configuration list for PBXNativeTarget "ScroolView2" */;
			buildPhases = (
				ECFC64BC1DA665B40028F139 /* Sources */,
				ECFC64BD1DA665B40028F139 /* Frameworks */,
				ECFC64BE1DA665B40028F139 /* Resources */,
			);
			buildRules = (
			);
			dependencies = (
			);
			name = ScroolView2;
			productName = ScroolView2;
			productReference = ECFC64C01DA665B40028F139 /* ScroolView2.app */;
			productType = "com.apple.product-type.application";
		};
/* End PBXNativeTarget section */

/* Begin PBXProject section */
		ECFC64B81DA665B40028F139 /* Project object */ = {
			isa = PBXProject;
			attributes = {
				LastSwiftUpdateCheck = 0730;
				LastUpgradeCheck = 0730;
				ORGANIZATIONNAME = "Maxime BINET";
				TargetAttributes = {
					ECFC64BF1DA665B40028F139 = {
						CreatedOnToolsVersion = 7.3.1;
						DevelopmentTeam = UACC36B9X3;
					};
				};
			};
			buildConfigurationList = ECFC64BB1DA665B40028F139 /* Build configuration list for PBXProject "ScroolView2" */;
			compatibilityVersion = "Xcode 3.2";
			developmentRegion = English;
			hasScannedForEncodings = 0;
			knownRegions = (
				en,
				Base,
			);
			mainGroup = ECFC64B71DA665B40028F139;
			productRefGroup = ECFC64C11DA665B40028F139 /* Products */;
			projectDirPath = "";
			projectRoot = "";
			targets = (
				ECFC64BF1DA665B40028F139 /* ScroolView2 */,
			);
		};
/* End PBXProject section */

/* Begin PBXResourcesBuildPhase section */
		ECFC64BE1DA665B40028F139 /* Resources */ = {
			isa = PBXResourcesBuildPhase;
			buildActionMask = 2147483647;
			files = (
				ECFC64CE1DA665B40028F139 /* LaunchScreen.storyboard in Resources */,
				ECFC64CB1DA665B40028F139 /* Assets.xcassets in Resources */,
				ECFC64C91DA665B40028F139 /* Main.storyboard in Resources */,
			);
			runOnlyForDeploymentPostprocessing = 0;
		};
/* End PBXResourcesBuildPhase section */

/* Begin PBXSourcesBuildPhase section */
		ECFC64BC1DA665B40028F139 /* Sources */ = {
			isa = PBXSourcesBuildPhase;
			buildActionMask = 2147483647;
			files = (
				ECFC64C61DA665B40028F139 /* ViewController.swift in Sources */,
				ECFC64C41DA665B40028F139 /* AppDelegate.swift in Sources */,
			);
			runOnlyForDeploymentPostprocessing = 0;
		};
/* End PBXSourcesBuildPhase section */

/* Begin PBXVariantGroup section */
		ECFC64C71DA665B40028F139 /* Main.storyboard */ = {
			isa = PBXVariantGroup;
			children = (
				ECFC64C81DA665B40028F139 /* Base */,
			);
			name = Main.storyboard;
			sourceTree = "<group>";
		};
		ECFC64CC1DA665B40028F139 /* LaunchScreen.storyboard */ = {
			isa = PBXVariantGroup;
			children = (
				ECFC64CD1DA665B40028F139 /* Base */,
			);
			name = LaunchScreen.storyboard;
			sourceTree = "<group>";
		};
/* End PBXVariantGroup section */

/* Begin XCBuildConfiguration section */
		ECFC64D01DA665B40028F139 /* Debug */ = {
			isa = XCBuildConfiguration;
			buildSettings = {
				ALWAYS_SEARCH_USER_PATHS = NO;
				CLANG_ANALYZER_NONNULL = YES;
				CLANG_CXX_LANGUAGE_STANDARD = "gnu++0x";
				CLANG_CXX_LIBRARY = "libc++";
				CLANG_ENABLE_MODULES = YES;
				CLANG_ENABLE_OBJC_ARC = YES;
				CLANG_WARN_BOOL_CONVERSION = YES;
				CLANG_WARN_CONSTANT_CONVERSION = YES;
				CLANG_WARN_DIRECT_OBJC_ISA_USAGE = YES_ERROR;
				CLANG_WARN_EMPTY_BODY = YES;
				CLANG_WARN_ENUM_CONVERSION = YES;
				CLANG_WARN_INT_CONVERSION = YES;
				CLANG_WARN_OBJC_ROOT_CLASS = YES_ERROR;
				CLANG_WARN_UNREACHABLE_CODE = YES;
				CLANG_WARN__DUPLICATE_METHOD_MATCH = YES;
				"CODE_SIGN_IDENTITY[sdk=iphoneos*]" = "iPhone Developer";
				COPY_PHASE_STRIP = NO;
				DEBUG_INFORMATION_FORMAT = dwarf;
				ENABLE_STRICT_OBJC_MSGSEND = YES;
				ENABLE_TESTABILITY = YES;
				GCC_C_LANGUAGE_STANDARD = gnu99;
				GCC_DYNAMIC_NO_PIC = NO;
				GCC_NO_COMMON_BLOCKS = YES;
				GCC_OPTIMIZATION_LEVEL = 0;
				GCC_PREPROCESSOR_DEFINITIONS = (
					"DEBUG=1",
					"$(inherited)",
				);
				GCC_WARN_64_TO_32_BIT_CONVERSION = YES;
				GCC_WARN_ABOUT_RETURN_TYPE = YES_ERROR;
				GCC_WARN_UNDECLARED_SELECTOR = YES;
				GCC_WARN_UNINITIALIZED_AUTOS = YES_AGGRESSIVE;
				GCC_WARN_UNUSED_FUNCTION = YES;
				GCC_WARN_UNUSED_VARIABLE = YES;
				IPHONEOS_DEPLOYMENT_TARGET = 9.3;
				MTL_ENABLE_DEBUG_INFO = YES;
				ONLY_ACTIVE_ARCH = YES;
				SDKROOT = iphoneos;
				SWIFT_OPTIMIZATION_LEVEL = "-Onone";
				TARGETED_DEVICE_FAMILY = "1,2";
			};
			name = Debug;
		};
		ECFC64D11DA665B40028F139 /* Release */ = {
			isa = XCBuildConfiguration;
			buildSettings = {
				ALWAYS_SEARCH_USER_PATHS = NO;
				CLANG_ANALYZER_NONNULL = YES;
				CLANG_CXX_LANGUAGE_STANDARD = "gnu++0x";
				CLANG_CXX_LIBRARY = "libc++";
				CLANG_ENABLE_MODULES = YES;
				CLANG_ENABLE_OBJC_ARC = YES;
				CLANG_WARN_BOOL_CONVERSION = YES;
				CLANG_WARN_CONSTANT_CONVERSION = YES;
				CLANG_WARN_DIRECT_OBJC_ISA_USAGE = YES_ERROR;
				CLANG_WARN_EMPTY_BODY = YES;
				CLANG_WARN_ENUM_CONVERSION = YES;
				CLANG_WARN_INT_CONVERSION = YES;
				CLANG_WARN_OBJC_ROOT_CLASS = YES_ERROR;
				CLANG_WARN_UNREACHABLE_CODE = YES;
				CLANG_WARN__DUPLICATE_METHOD_MATCH = YES;
				"CODE_SIGN_IDENTITY[sdk=iphoneos*]" = "iPhone Developer";
				COPY_PHASE_STRIP = NO;
				DEBUG_INFORMATION_FORMAT = "dwarf-with-dsym";
				ENABLE_NS_ASSERTIONS = NO;
				ENABLE_STRICT_OBJC_MSGSEND = YES;
				GCC_C_LANGUAGE_STANDARD = gnu99;
				GCC_NO_COMMON_BLOCKS = YES;
				GCC_WARN_64_TO_32_BIT_CONVERSION = YES;
				GCC_WARN_ABOUT_RETURN_TYPE = YES_ERROR;
				GCC_WARN_UNDECLARED_SELECTOR = YES;
				GCC_WARN_UNINITIALIZED_AUTOS = YES_AGGRESSIVE;
				GCC_WARN_UNUSED_FUNCTION = YES;
				GCC_WARN_UNUSED_VARIABLE = YES;
				IPHONEOS_DEPLOYMENT_TARGET = 9.3;
				MTL_ENABLE_DEBUG_INFO = NO;
				SDKROOT = iphoneos;
				TARGETED_DEVICE_FAMILY = "1,2";
				VALIDATE_PRODUCT = YES;
			};
			name = Release;
		};
		ECFC64D31DA665B40028F139 /* Debug */ = {
			isa = XCBuildConfiguration;
			buildSettings = {
				ASSETCATALOG_COMPILER_APPICON_NAME = AppIcon;
				CODE_SIGN_IDENTITY = "iPhone Developer";
				"CODE_SIGN_IDENTITY[sdk=iphoneos*]" = "iPhone Developer";
				INFOPLIST_FILE = ScroolView2/Info.plist;
				LD_RUNPATH_SEARCH_PATHS = "$(inherited) @executable_path/Frameworks";
				PRODUCT_BUNDLE_IDENTIFIER = mbinet.ScroolView2;
				PRODUCT_NAME = "$(TARGET_NAME)";
				PROVISIONING_PROFILE = "";
			};
			name = Debug;
		};
		ECFC64D41DA665B40028F139 /* Release */ = {
			isa = XCBuildConfiguration;
			buildSettings = {
				ASSETCATALOG_COMPILER_APPICON_NAME = AppIcon;
				CODE_SIGN_IDENTITY = "iPhone Developer";
				"CODE_SIGN_IDENTITY[sdk=iphoneos*]" = "iPhone Developer";
				INFOPLIST_FILE = ScroolView2/Info.plist;
				LD_RUNPATH_SEARCH_PATHS = "$(inherited) @executable_path/Frameworks";
				PRODUCT_BUNDLE_IDENTIFIER = mbinet.ScroolView2;
				PRODUCT_NAME = "$(TARGET_NAME)";
				PROVISIONING_PROFILE = "";
			};
			name = Release;
		};
/* End XCBuildConfiguration section */

/* Begin XCConfigurationList section */
		ECFC64BB1DA665B40028F139 /* Build configuration list for PBXProject "ScroolView2" */ = {
			isa = XCConfigurationList;
			buildConfigurations = (
				ECFC64D01DA665B40028F139 /* Debug */,
				ECFC64D11DA665B40028F139 /* Release */,
			);
			defaultConfigurationIsVisible = 0;
			defaultConfigurationName = Release;
		};
		ECFC64D21DA665B40028F139 /* Build configuration list for PBXNativeTarget "ScroolView2" */ = {
			isa = XCConfigurationList;
			buildConfigurations = (
				ECFC64D31DA665B40028F139 /* Debug */,
				ECFC64D41DA665B40028F139 /* Release */,
			);
			defaultConfigurationIsVisible = 0;
		};
/* End XCConfigurationList section */
	};
	rootObject = ECFC64B81DA665B40028F139 /* Project object */;
}
