// !$*UTF8*$!
{
	archiveVersion = 1;
	classes = {
	};
	objectVersion = 46;
	objects = {

/* Begin PBXBuildFile section */
		ECA3F5971DA7A733003B9D00 /* AppDelegate.swift in Sources */ = {isa = PBXBuildFile; fileRef = ECA3F5961DA7A733003B9D00 /* AppDelegate.swift */; };
		ECA3F5991DA7A733003B9D00 /* ViewController.swift in Sources */ = {isa = PBXBuildFile; fileRef = ECA3F5981DA7A733003B9D00 /* ViewController.swift */; };
		ECA3F59C1DA7A733003B9D00 /* Main.storyboard in Resources */ = {isa = PBXBuildFile; fileRef = ECA3F59A1DA7A733003B9D00 /* Main.storyboard */; };
		ECA3F59E1DA7A733003B9D00 /* Assets.xcassets in Resources */ = {isa = PBXBuildFile; fileRef = ECA3F59D1DA7A733003B9D00 /* Assets.xcassets */; };
		ECA3F5A11DA7A733003B9D00 /* LaunchScreen.storyboard in Resources */ = {isa = PBXBuildFile; fileRef = ECA3F59F1DA7A733003B9D00 /* LaunchScreen.storyboard */; };
		ECA3F5A91DA7AD85003B9D00 /* Tweet.swift in Sources */ = {isa = PBXBuildFile; fileRef = ECA3F5A81DA7AD85003B9D00 /* Tweet.swift */; };
		ECA3F5AB1DA7B085003B9D00 /* APITwitterDelegate.swift in Sources */ = {isa = PBXBuildFile; fileRef = ECA3F5AA1DA7B085003B9D00 /* APITwitterDelegate.swift */; };
		ECA3F5AD1DA7B28E003B9D00 /* APIController.swift in Sources */ = {isa = PBXBuildFile; fileRef = ECA3F5AC1DA7B28E003B9D00 /* APIController.swift */; };
		ECCDE4711DA7FD4300F3364D /* TweetTableViewCell.swift in Sources */ = {isa = PBXBuildFile; fileRef = ECCDE4701DA7FD4300F3364D /* TweetTableViewCell.swift */; };
/* End PBXBuildFile section */

/* Begin PBXFileReference section */
		ECA3F5931DA7A733003B9D00 /* Tweets.app */ = {isa = PBXFileReference; explicitFileType = wrapper.application; includeInIndex = 0; path = Tweets.app; sourceTree = BUILT_PRODUCTS_DIR; };
		ECA3F5961DA7A733003B9D00 /* AppDelegate.swift */ = {isa = PBXFileReference; lastKnownFileType = sourcecode.swift; path = AppDelegate.swift; sourceTree = "<group>"; };
		ECA3F5981DA7A733003B9D00 /* ViewController.swift */ = {isa = PBXFileReference; lastKnownFileType = sourcecode.swift; path = ViewController.swift; sourceTree = "<group>"; };
		ECA3F59B1DA7A733003B9D00 /* Base */ = {isa = PBXFileReference; lastKnownFileType = file.storyboard; name = Base; path = Base.lproj/Main.storyboard; sourceTree = "<group>"; };
		ECA3F59D1DA7A733003B9D00 /* Assets.xcassets */ = {isa = PBXFileReference; lastKnownFileType = folder.assetcatalog; path = Assets.xcassets; sourceTree = "<group>"; };
		ECA3F5A01DA7A733003B9D00 /* Base */ = {isa = PBXFileReference; lastKnownFileType = file.storyboard; name = Base; path = Base.lproj/LaunchScreen.storyboard; sourceTree = "<group>"; };
		ECA3F5A21DA7A733003B9D00 /* Info.plist */ = {isa = PBXFileReference; lastKnownFileType = text.plist.xml; path = Info.plist; sourceTree = "<group>"; };
		ECA3F5A81DA7AD85003B9D00 /* Tweet.swift */ = {isa = PBXFileReference; fileEncoding = 4; lastKnownFileType = sourcecode.swift; path = Tweet.swift; sourceTree = "<group>"; };
		ECA3F5AA1DA7B085003B9D00 /* APITwitterDelegate.swift */ = {isa = PBXFileReference; fileEncoding = 4; lastKnownFileType = sourcecode.swift; path = APITwitterDelegate.swift; sourceTree = "<group>"; };
		ECA3F5AC1DA7B28E003B9D00 /* APIController.swift */ = {isa = PBXFileReference; fileEncoding = 4; lastKnownFileType = sourcecode.swift; path = APIController.swift; sourceTree = "<group>"; };
		ECCDE4701DA7FD4300F3364D /* TweetTableViewCell.swift */ = {isa = PBXFileReference; fileEncoding = 4; lastKnownFileType = sourcecode.swift; path = TweetTableViewCell.swift; sourceTree = "<group>"; };
/* End PBXFileReference section */

/* Begin PBXFrameworksBuildPhase section */
		ECA3F5901DA7A733003B9D00 /* Frameworks */ = {
			isa = PBXFrameworksBuildPhase;
			buildActionMask = 2147483647;
			files = (
			);
			runOnlyForDeploymentPostprocessing = 0;
		};
/* End PBXFrameworksBuildPhase section */

/* Begin PBXGroup section */
		ECA3F58A1DA7A733003B9D00 = {
			isa = PBXGroup;
			children = (
				ECA3F5951DA7A733003B9D00 /* Tweets */,
				ECA3F5941DA7A733003B9D00 /* Products */,
			);
			sourceTree = "<group>";
		};
		ECA3F5941DA7A733003B9D00 /* Products */ = {
			isa = PBXGroup;
			children = (
				ECA3F5931DA7A733003B9D00 /* Tweets.app */,
			);
			name = Products;
			sourceTree = "<group>";
		};
		ECA3F5951DA7A733003B9D00 /* Tweets */ = {
			isa = PBXGroup;
			children = (
				ECA3F5961DA7A733003B9D00 /* AppDelegate.swift */,
				ECA3F5981DA7A733003B9D00 /* ViewController.swift */,
				ECA3F5AC1DA7B28E003B9D00 /* APIController.swift */,
				ECA3F5A81DA7AD85003B9D00 /* Tweet.swift */,
				ECA3F5AA1DA7B085003B9D00 /* APITwitterDelegate.swift */,
				ECA3F59A1DA7A733003B9D00 /* Main.storyboard */,
				ECCDE4701DA7FD4300F3364D /* TweetTableViewCell.swift */,
				ECA3F59D1DA7A733003B9D00 /* Assets.xcassets */,
				ECA3F59F1DA7A733003B9D00 /* LaunchScreen.storyboard */,
				ECA3F5A21DA7A733003B9D00 /* Info.plist */,
			);
			path = Tweets;
			sourceTree = "<group>";
		};
/* End PBXGroup section */

/* Begin PBXNativeTarget section */
		ECA3F5921DA7A733003B9D00 /* Tweets */ = {
			isa = PBXNativeTarget;
			buildConfigurationList = ECA3F5A51DA7A733003B9D00 /* Build configuration list for PBXNativeTarget "Tweets" */;
			buildPhases = (
				ECA3F58F1DA7A733003B9D00 /* Sources */,
				ECA3F5901DA7A733003B9D00 /* Frameworks */,
				ECA3F5911DA7A733003B9D00 /* Resources */,
			);
			buildRules = (
			);
			dependencies = (
			);
			name = Tweets;
			productName = Tweets;
			productReference = ECA3F5931DA7A733003B9D00 /* Tweets.app */;
			productType = "com.apple.product-type.application";
		};
/* End PBXNativeTarget section */

/* Begin PBXProject section */
		ECA3F58B1DA7A733003B9D00 /* Project object */ = {
			isa = PBXProject;
			attributes = {
				LastSwiftUpdateCheck = 0730;
				LastUpgradeCheck = 0730;
				ORGANIZATIONNAME = "Maxime BINET";
				TargetAttributes = {
					ECA3F5921DA7A733003B9D00 = {
						CreatedOnToolsVersion = 7.3.1;
						DevelopmentTeam = UACC36B9X3;
					};
				};
			};
			buildConfigurationList = ECA3F58E1DA7A733003B9D00 /* Build configuration list for PBXProject "Tweets" */;
			compatibilityVersion = "Xcode 3.2";
			developmentRegion = English;
			hasScannedForEncodings = 0;
			knownRegions = (
				en,
				Base,
			);
			mainGroup = ECA3F58A1DA7A733003B9D00;
			productRefGroup = ECA3F5941DA7A733003B9D00 /* Products */;
			projectDirPath = "";
			projectRoot = "";
			targets = (
				ECA3F5921DA7A733003B9D00 /* Tweets */,
			);
		};
/* End PBXProject section */

/* Begin PBXResourcesBuildPhase section */
		ECA3F5911DA7A733003B9D00 /* Resources */ = {
			isa = PBXResourcesBuildPhase;
			buildActionMask = 2147483647;
			files = (
				ECA3F5A11DA7A733003B9D00 /* LaunchScreen.storyboard in Resources */,
				ECA3F59E1DA7A733003B9D00 /* Assets.xcassets in Resources */,
				ECA3F59C1DA7A733003B9D00 /* Main.storyboard in Resources */,
			);
			runOnlyForDeploymentPostprocessing = 0;
		};
/* End PBXResourcesBuildPhase section */

/* Begin PBXSourcesBuildPhase section */
		ECA3F58F1DA7A733003B9D00 /* Sources */ = {
			isa = PBXSourcesBuildPhase;
			buildActionMask = 2147483647;
			files = (
				ECA3F5A91DA7AD85003B9D00 /* Tweet.swift in Sources */,
				ECA3F5991DA7A733003B9D00 /* ViewController.swift in Sources */,
				ECA3F5971DA7A733003B9D00 /* AppDelegate.swift in Sources */,
				ECA3F5AB1DA7B085003B9D00 /* APITwitterDelegate.swift in Sources */,
				ECA3F5AD1DA7B28E003B9D00 /* APIController.swift in Sources */,
				ECCDE4711DA7FD4300F3364D /* TweetTableViewCell.swift in Sources */,
			);
			runOnlyForDeploymentPostprocessing = 0;
		};
/* End PBXSourcesBuildPhase section */

/* Begin PBXVariantGroup section */
		ECA3F59A1DA7A733003B9D00 /* Main.storyboard */ = {
			isa = PBXVariantGroup;
			children = (
				ECA3F59B1DA7A733003B9D00 /* Base */,
			);
			name = Main.storyboard;
			sourceTree = "<group>";
		};
		ECA3F59F1DA7A733003B9D00 /* LaunchScreen.storyboard */ = {
			isa = PBXVariantGroup;
			children = (
				ECA3F5A01DA7A733003B9D00 /* Base */,
			);
			name = LaunchScreen.storyboard;
			sourceTree = "<group>";
		};
/* End PBXVariantGroup section */

/* Begin XCBuildConfiguration section */
		ECA3F5A31DA7A733003B9D00 /* Debug */ = {
			isa = XCBuildConfiguration;
			buildSettings = {
				ALWAYS_SEARCH_USER_PATHS = NO;
				CLANG_ANALYZER_NONNULL = YES;
				CLANG_CXX_LANGUAGE_STANDARD = "gnu++0x";
				CLANG_CXX_LIBRARY = "libc++";
				CLANG_ENABLE_MODULES = YES;
				CLANG_ENABLE_OBJC_ARC = YES;
				CLANG_WARN_BOOL_CONVERSION = YES;
				CLANG_WARN_CONSTANT_CONVERSION = YES;
				CLANG_WARN_DIRECT_OBJC_ISA_USAGE = YES_ERROR;
				CLANG_WARN_EMPTY_BODY = YES;
				CLANG_WARN_ENUM_CONVERSION = YES;
				CLANG_WARN_INT_CONVERSION = YES;
				CLANG_WARN_OBJC_ROOT_CLASS = YES_ERROR;
				CLANG_WARN_UNREACHABLE_CODE = YES;
				CLANG_WARN__DUPLICATE_METHOD_MATCH = YES;
				"CODE_SIGN_IDENTITY[sdk=iphoneos*]" = "iPhone Developer";
				COPY_PHASE_STRIP = NO;
				DEBUG_INFORMATION_FORMAT = dwarf;
				ENABLE_STRICT_OBJC_MSGSEND = YES;
				ENABLE_TESTABILITY = YES;
				GCC_C_LANGUAGE_STANDARD = gnu99;
				GCC_DYNAMIC_NO_PIC = NO;
				GCC_NO_COMMON_BLOCKS = YES;
				GCC_OPTIMIZATION_LEVEL = 0;
				GCC_PREPROCESSOR_DEFINITIONS = (
					"DEBUG=1",
					"$(inherited)",
				);
				GCC_WARN_64_TO_32_BIT_CONVERSION = YES;
				GCC_WARN_ABOUT_RETURN_TYPE = YES_ERROR;
				GCC_WARN_UNDECLARED_SELECTOR = YES;
				GCC_WARN_UNINITIALIZED_AUTOS = YES_AGGRESSIVE;
				GCC_WARN_UNUSED_FUNCTION = YES;
				GCC_WARN_UNUSED_VARIABLE = YES;
				IPHONEOS_DEPLOYMENT_TARGET = 9.3;
				MTL_ENABLE_DEBUG_INFO = YES;
				ONLY_ACTIVE_ARCH = YES;
				SDKROOT = iphoneos;
				SWIFT_OPTIMIZATION_LEVEL = "-Onone";
				TARGETED_DEVICE_FAMILY = "1,2";
			};
			name = Debug;
		};
		ECA3F5A41DA7A733003B9D00 /* Release */ = {
			isa = XCBuildConfiguration;
			buildSettings = {
				ALWAYS_SEARCH_USER_PATHS = NO;
				CLANG_ANALYZER_NONNULL = YES;
				CLANG_CXX_LANGUAGE_STANDARD = "gnu++0x";
				CLANG_CXX_LIBRARY = "libc++";
				CLANG_ENABLE_MODULES = YES;
				CLANG_ENABLE_OBJC_ARC = YES;
				CLANG_WARN_BOOL_CONVERSION = YES;
				CLANG_WARN_CONSTANT_CONVERSION = YES;
				CLANG_WARN_DIRECT_OBJC_ISA_USAGE = YES_ERROR;
				CLANG_WARN_EMPTY_BODY = YES;
				CLANG_WARN_ENUM_CONVERSION = YES;
				CLANG_WARN_INT_CONVERSION = YES;
				CLANG_WARN_OBJC_ROOT_CLASS = YES_ERROR;
				CLANG_WARN_UNREACHABLE_CODE = YES;
				CLANG_WARN__DUPLICATE_METHOD_MATCH = YES;
				"CODE_SIGN_IDENTITY[sdk=iphoneos*]" = "iPhone Developer";
				COPY_PHASE_STRIP = NO;
				DEBUG_INFORMATION_FORMAT = "dwarf-with-dsym";
				ENABLE_NS_ASSERTIONS = NO;
				ENABLE_STRICT_OBJC_MSGSEND = YES;
				GCC_C_LANGUAGE_STANDARD = gnu99;
				GCC_NO_COMMON_BLOCKS = YES;
				GCC_WARN_64_TO_32_BIT_CONVERSION = YES;
				GCC_WARN_ABOUT_RETURN_TYPE = YES_ERROR;
				GCC_WARN_UNDECLARED_SELECTOR = YES;
				GCC_WARN_UNINITIALIZED_AUTOS = YES_AGGRESSIVE;
				GCC_WARN_UNUSED_FUNCTION = YES;
				GCC_WARN_UNUSED_VARIABLE = YES;
				IPHONEOS_DEPLOYMENT_TARGET = 9.3;
				MTL_ENABLE_DEBUG_INFO = NO;
				SDKROOT = iphoneos;
				TARGETED_DEVICE_FAMILY = "1,2";
				VALIDATE_PRODUCT = YES;
			};
			name = Release;
		};
		ECA3F5A61DA7A733003B9D00 /* Debug */ = {
			isa = XCBuildConfiguration;
			buildSettings = {
				ASSETCATALOG_COMPILER_APPICON_NAME = AppIcon;
				CODE_SIGN_IDENTITY = "iPhone Developer";
				"CODE_SIGN_IDENTITY[sdk=iphoneos*]" = "iPhone Developer";
				INFOPLIST_FILE = Tweets/Info.plist;
				LD_RUNPATH_SEARCH_PATHS = "$(inherited) @executable_path/Frameworks";
				PRODUCT_BUNDLE_IDENTIFIER = mbinet.Tweets;
				PRODUCT_NAME = "$(TARGET_NAME)";
				PROVISIONING_PROFILE = "";
			};
			name = Debug;
		};
		ECA3F5A71DA7A733003B9D00 /* Release */ = {
			isa = XCBuildConfiguration;
			buildSettings = {
				ASSETCATALOG_COMPILER_APPICON_NAME = AppIcon;
				CODE_SIGN_IDENTITY = "iPhone Developer";
				"CODE_SIGN_IDENTITY[sdk=iphoneos*]" = "iPhone Developer";
				INFOPLIST_FILE = Tweets/Info.plist;
				LD_RUNPATH_SEARCH_PATHS = "$(inherited) @executable_path/Frameworks";
				PRODUCT_BUNDLE_IDENTIFIER = mbinet.Tweets;
				PRODUCT_NAME = "$(TARGET_NAME)";
				PROVISIONING_PROFILE = "";
			};
			name = Release;
		};
/* End XCBuildConfiguration section */

/* Begin XCConfigurationList section */
		ECA3F58E1DA7A733003B9D00 /* Build configuration list for PBXProject "Tweets" */ = {
			isa = XCConfigurationList;
			buildConfigurations = (
				ECA3F5A31DA7A733003B9D00 /* Debug */,
				ECA3F5A41DA7A733003B9D00 /* Release */,
			);
			defaultConfigurationIsVisible = 0;
			defaultConfigurationName = Release;
		};
		ECA3F5A51DA7A733003B9D00 /* Build configuration list for PBXNativeTarget "Tweets" */ = {
			isa = XCConfigurationList;
			buildConfigurations = (
				ECA3F5A61DA7A733003B9D00 /* Debug */,
				ECA3F5A71DA7A733003B9D00 /* Release */,
			);
			defaultConfigurationIsVisible = 0;
			defaultConfigurationName = Release;
		};
/* End XCConfigurationList section */
	};
	rootObject = ECA3F58B1DA7A733003B9D00 /* Project object */;
}
