// !$*UTF8*$!
{
	archiveVersion = 1;
	classes = {
	};
	objectVersion = 46;
	objects = {

/* Begin PBXBuildFile section */
		ECB7A23E1DA584E2006D384F /* FilmTableViewCell.swift in Sources */ = {isa = PBXBuildFile; fileRef = ECB7A23D1DA584E2006D384F /* FilmTableViewCell.swift */; };
		ECE54A461DA57D75009B970F /* AppDelegate.swift in Sources */ = {isa = PBXBuildFile; fileRef = ECE54A451DA57D75009B970F /* AppDelegate.swift */; };
		ECE54A481DA57D75009B970F /* ViewController.swift in Sources */ = {isa = PBXBuildFile; fileRef = ECE54A471DA57D75009B970F /* ViewController.swift */; };
		ECE54A4B1DA57D75009B970F /* Main.storyboard in Resources */ = {isa = PBXBuildFile; fileRef = ECE54A491DA57D75009B970F /* Main.storyboard */; };
		ECE54A4D1DA57D75009B970F /* Assets.xcassets in Resources */ = {isa = PBXBuildFile; fileRef = ECE54A4C1DA57D75009B970F /* Assets.xcassets */; };
		ECE54A501DA57D75009B970F /* LaunchScreen.storyboard in Resources */ = {isa = PBXBuildFile; fileRef = ECE54A4E1DA57D75009B970F /* LaunchScreen.storyboard */; };
		ECE54A581DA57ED7009B970F /* Model.swift in Sources */ = {isa = PBXBuildFile; fileRef = ECE54A571DA57ED7009B970F /* Model.swift */; };
/* End PBXBuildFile section */

/* Begin PBXFileReference section */
		ECB7A23D1DA584E2006D384F /* FilmTableViewCell.swift */ = {isa = PBXFileReference; fileEncoding = 4; lastKnownFileType = sourcecode.swift; path = FilmTableViewCell.swift; sourceTree = "<group>"; };
		ECE54A421DA57D75009B970F /* tableView.app */ = {isa = PBXFileReference; explicitFileType = wrapper.application; includeInIndex = 0; path = tableView.app; sourceTree = BUILT_PRODUCTS_DIR; };
		ECE54A451DA57D75009B970F /* AppDelegate.swift */ = {isa = PBXFileReference; lastKnownFileType = sourcecode.swift; path = AppDelegate.swift; sourceTree = "<group>"; };
		ECE54A471DA57D75009B970F /* ViewController.swift */ = {isa = PBXFileReference; lastKnownFileType = sourcecode.swift; path = ViewController.swift; sourceTree = "<group>"; };
		ECE54A4A1DA57D75009B970F /* Base */ = {isa = PBXFileReference; lastKnownFileType = file.storyboard; name = Base; path = Base.lproj/Main.storyboard; sourceTree = "<group>"; };
		ECE54A4C1DA57D75009B970F /* Assets.xcassets */ = {isa = PBXFileReference; lastKnownFileType = folder.assetcatalog; path = Assets.xcassets; sourceTree = "<group>"; };
		ECE54A4F1DA57D75009B970F /* Base */ = {isa = PBXFileReference; lastKnownFileType = file.storyboard; name = Base; path = Base.lproj/LaunchScreen.storyboard; sourceTree = "<group>"; };
		ECE54A511DA57D75009B970F /* Info.plist */ = {isa = PBXFileReference; lastKnownFileType = text.plist.xml; path = Info.plist; sourceTree = "<group>"; };
		ECE54A571DA57ED7009B970F /* Model.swift */ = {isa = PBXFileReference; fileEncoding = 4; lastKnownFileType = sourcecode.swift; path = Model.swift; sourceTree = "<group>"; };
/* End PBXFileReference section */

/* Begin PBXFrameworksBuildPhase section */
		ECE54A3F1DA57D75009B970F /* Frameworks */ = {
			isa = PBXFrameworksBuildPhase;
			buildActionMask = 2147483647;
			files = (
			);
			runOnlyForDeploymentPostprocessing = 0;
		};
/* End PBXFrameworksBuildPhase section */

/* Begin PBXGroup section */
		ECE54A391DA57D75009B970F = {
			isa = PBXGroup;
			children = (
				ECE54A441DA57D75009B970F /* tableView */,
				ECE54A431DA57D75009B970F /* Products */,
			);
			sourceTree = "<group>";
		};
		ECE54A431DA57D75009B970F /* Products */ = {
			isa = PBXGroup;
			children = (
				ECE54A421DA57D75009B970F /* tableView.app */,
			);
			name = Products;
			sourceTree = "<group>";
		};
		ECE54A441DA57D75009B970F /* tableView */ = {
			isa = PBXGroup;
			children = (
				ECE54A451DA57D75009B970F /* AppDelegate.swift */,
				ECE54A471DA57D75009B970F /* ViewController.swift */,
				ECE54A571DA57ED7009B970F /* Model.swift */,
				ECB7A23D1DA584E2006D384F /* FilmTableViewCell.swift */,
				ECE54A491DA57D75009B970F /* Main.storyboard */,
				ECE54A4C1DA57D75009B970F /* Assets.xcassets */,
				ECE54A4E1DA57D75009B970F /* LaunchScreen.storyboard */,
				ECE54A511DA57D75009B970F /* Info.plist */,
			);
			path = tableView;
			sourceTree = "<group>";
		};
/* End PBXGroup section */

/* Begin PBXNativeTarget section */
		ECE54A411DA57D75009B970F /* tableView */ = {
			isa = PBXNativeTarget;
			buildConfigurationList = ECE54A541DA57D75009B970F /* Build configuration list for PBXNativeTarget "tableView" */;
			buildPhases = (
				ECE54A3E1DA57D75009B970F /* Sources */,
				ECE54A3F1DA57D75009B970F /* Frameworks */,
				ECE54A401DA57D75009B970F /* Resources */,
			);
			buildRules = (
			);
			dependencies = (
			);
			name = tableView;
			productName = tableView;
			productReference = ECE54A421DA57D75009B970F /* tableView.app */;
			productType = "com.apple.product-type.application";
		};
/* End PBXNativeTarget section */

/* Begin PBXProject section */
		ECE54A3A1DA57D75009B970F /* Project object */ = {
			isa = PBXProject;
			attributes = {
				LastSwiftUpdateCheck = 0730;
				LastUpgradeCheck = 0730;
				ORGANIZATIONNAME = "Maxime BINET";
				TargetAttributes = {
					ECE54A411DA57D75009B970F = {
						CreatedOnToolsVersion = 7.3.1;
					};
				};
			};
			buildConfigurationList = ECE54A3D1DA57D75009B970F /* Build configuration list for PBXProject "tableView" */;
			compatibilityVersion = "Xcode 3.2";
			developmentRegion = English;
			hasScannedForEncodings = 0;
			knownRegions = (
				en,
				Base,
			);
			mainGroup = ECE54A391DA57D75009B970F;
			productRefGroup = ECE54A431DA57D75009B970F /* Products */;
			projectDirPath = "";
			projectRoot = "";
			targets = (
				ECE54A411DA57D75009B970F /* tableView */,
			);
		};
/* End PBXProject section */

/* Begin PBXResourcesBuildPhase section */
		ECE54A401DA57D75009B970F /* Resources */ = {
			isa = PBXResourcesBuildPhase;
			buildActionMask = 2147483647;
			files = (
				ECE54A501DA57D75009B970F /* LaunchScreen.storyboard in Resources */,
				ECE54A4D1DA57D75009B970F /* Assets.xcassets in Resources */,
				ECE54A4B1DA57D75009B970F /* Main.storyboard in Resources */,
			);
			runOnlyForDeploymentPostprocessing = 0;
		};
/* End PBXResourcesBuildPhase section */

/* Begin PBXSourcesBuildPhase section */
		ECE54A3E1DA57D75009B970F /* Sources */ = {
			isa = PBXSourcesBuildPhase;
			buildActionMask = 2147483647;
			files = (
				ECE54A581DA57ED7009B970F /* Model.swift in Sources */,
				ECB7A23E1DA584E2006D384F /* FilmTableViewCell.swift in Sources */,
				ECE54A481DA57D75009B970F /* ViewController.swift in Sources */,
				ECE54A461DA57D75009B970F /* AppDelegate.swift in Sources */,
			);
			runOnlyForDeploymentPostprocessing = 0;
		};
/* End PBXSourcesBuildPhase section */

/* Begin PBXVariantGroup section */
		ECE54A491DA57D75009B970F /* Main.storyboard */ = {
			isa = PBXVariantGroup;
			children = (
				ECE54A4A1DA57D75009B970F /* Base */,
			);
			name = Main.storyboard;
			sourceTree = "<group>";
		};
		ECE54A4E1DA57D75009B970F /* LaunchScreen.storyboard */ = {
			isa = PBXVariantGroup;
			children = (
				ECE54A4F1DA57D75009B970F /* Base */,
			);
			name = LaunchScreen.storyboard;
			sourceTree = "<group>";
		};
/* End PBXVariantGroup section */

/* Begin XCBuildConfiguration section */
		ECE54A521DA57D75009B970F /* Debug */ = {
			isa = XCBuildConfiguration;
			buildSettings = {
				ALWAYS_SEARCH_USER_PATHS = NO;
				CLANG_ANALYZER_NONNULL = YES;
				CLANG_CXX_LANGUAGE_STANDARD = "gnu++0x";
				CLANG_CXX_LIBRARY = "libc++";
				CLANG_ENABLE_MODULES = YES;
				CLANG_ENABLE_OBJC_ARC = YES;
				CLANG_WARN_BOOL_CONVERSION = YES;
				CLANG_WARN_CONSTANT_CONVERSION = YES;
				CLANG_WARN_DIRECT_OBJC_ISA_USAGE = YES_ERROR;
				CLANG_WARN_EMPTY_BODY = YES;
				CLANG_WARN_ENUM_CONVERSION = YES;
				CLANG_WARN_INT_CONVERSION = YES;
				CLANG_WARN_OBJC_ROOT_CLASS = YES_ERROR;
				CLANG_WARN_UNREACHABLE_CODE = YES;
				CLANG_WARN__DUPLICATE_METHOD_MATCH = YES;
				"CODE_SIGN_IDENTITY[sdk=iphoneos*]" = "iPhone Developer";
				COPY_PHASE_STRIP = NO;
				DEBUG_INFORMATION_FORMAT = dwarf;
				ENABLE_STRICT_OBJC_MSGSEND = YES;
				ENABLE_TESTABILITY = YES;
				GCC_C_LANGUAGE_STANDARD = gnu99;
				GCC_DYNAMIC_NO_PIC = NO;
				GCC_NO_COMMON_BLOCKS = YES;
				GCC_OPTIMIZATION_LEVEL = 0;
				GCC_PREPROCESSOR_DEFINITIONS = (
					"DEBUG=1",
					"$(inherited)",
				);
				GCC_WARN_64_TO_32_BIT_CONVERSION = YES;
				GCC_WARN_ABOUT_RETURN_TYPE = YES_ERROR;
				GCC_WARN_UNDECLARED_SELECTOR = YES;
				GCC_WARN_UNINITIALIZED_AUTOS = YES_AGGRESSIVE;
				GCC_WARN_UNUSED_FUNCTION = YES;
				GCC_WARN_UNUSED_VARIABLE = YES;
				IPHONEOS_DEPLOYMENT_TARGET = 9.3;
				MTL_ENABLE_DEBUG_INFO = YES;
				ONLY_ACTIVE_ARCH = YES;
				SDKROOT = iphoneos;
				SWIFT_OPTIMIZATION_LEVEL = "-Onone";
				TARGETED_DEVICE_FAMILY = "1,2";
			};
			name = Debug;
		};
		ECE54A531DA57D75009B970F /* Release */ = {
			isa = XCBuildConfiguration;
			buildSettings = {
				ALWAYS_SEARCH_USER_PATHS = NO;
				CLANG_ANALYZER_NONNULL = YES;
				CLANG_CXX_LANGUAGE_STANDARD = "gnu++0x";
				CLANG_CXX_LIBRARY = "libc++";
				CLANG_ENABLE_MODULES = YES;
				CLANG_ENABLE_OBJC_ARC = YES;
				CLANG_WARN_BOOL_CONVERSION = YES;
				CLANG_WARN_CONSTANT_CONVERSION = YES;
				CLANG_WARN_DIRECT_OBJC_ISA_USAGE = YES_ERROR;
				CLANG_WARN_EMPTY_BODY = YES;
				CLANG_WARN_ENUM_CONVERSION = YES;
				CLANG_WARN_INT_CONVERSION = YES;
				CLANG_WARN_OBJC_ROOT_CLASS = YES_ERROR;
				CLANG_WARN_UNREACHABLE_CODE = YES;
				CLANG_WARN__DUPLICATE_METHOD_MATCH = YES;
				"CODE_SIGN_IDENTITY[sdk=iphoneos*]" = "iPhone Developer";
				COPY_PHASE_STRIP = NO;
				DEBUG_INFORMATION_FORMAT = "dwarf-with-dsym";
				ENABLE_NS_ASSERTIONS = NO;
				ENABLE_STRICT_OBJC_MSGSEND = YES;
				GCC_C_LANGUAGE_STANDARD = gnu99;
				GCC_NO_COMMON_BLOCKS = YES;
				GCC_WARN_64_TO_32_BIT_CONVERSION = YES;
				GCC_WARN_ABOUT_RETURN_TYPE = YES_ERROR;
				GCC_WARN_UNDECLARED_SELECTOR = YES;
				GCC_WARN_UNINITIALIZED_AUTOS = YES_AGGRESSIVE;
				GCC_WARN_UNUSED_FUNCTION = YES;
				GCC_WARN_UNUSED_VARIABLE = YES;
				IPHONEOS_DEPLOYMENT_TARGET = 9.3;
				MTL_ENABLE_DEBUG_INFO = NO;
				SDKROOT = iphoneos;
				TARGETED_DEVICE_FAMILY = "1,2";
				VALIDATE_PRODUCT = YES;
			};
			name = Release;
		};
		ECE54A551DA57D75009B970F /* Debug */ = {
			isa = XCBuildConfiguration;
			buildSettings = {
				ASSETCATALOG_COMPILER_APPICON_NAME = AppIcon;
				INFOPLIST_FILE = tableView/Info.plist;
				LD_RUNPATH_SEARCH_PATHS = "$(inherited) @executable_path/Frameworks";
				PRODUCT_BUNDLE_IDENTIFIER = mbinet.tableView;
				PRODUCT_NAME = "$(TARGET_NAME)";
			};
			name = Debug;
		};
		ECE54A561DA57D75009B970F /* Release */ = {
			isa = XCBuildConfiguration;
			buildSettings = {
				ASSETCATALOG_COMPILER_APPICON_NAME = AppIcon;
				INFOPLIST_FILE = tableView/Info.plist;
				LD_RUNPATH_SEARCH_PATHS = "$(inherited) @executable_path/Frameworks";
				PRODUCT_BUNDLE_IDENTIFIER = mbinet.tableView;
				PRODUCT_NAME = "$(TARGET_NAME)";
			};
			name = Release;
		};
/* End XCBuildConfiguration section */

/* Begin XCConfigurationList section */
		ECE54A3D1DA57D75009B970F /* Build configuration list for PBXProject "tableView" */ = {
			isa = XCConfigurationList;
			buildConfigurations = (
				ECE54A521DA57D75009B970F /* Debug */,
				ECE54A531DA57D75009B970F /* Release */,
			);
			defaultConfigurationIsVisible = 0;
			defaultConfigurationName = Release;
		};
		ECE54A541DA57D75009B970F /* Build configuration list for PBXNativeTarget "tableView" */ = {
			isa = XCConfigurationList;
			buildConfigurations = (
				ECE54A551DA57D75009B970F /* Debug */,
				ECE54A561DA57D75009B970F /* Release */,
			);
			defaultConfigurationIsVisible = 0;
			defaultConfigurationName = Release;
		};
/* End XCConfigurationList section */
	};
	rootObject = ECE54A3A1DA57D75009B970F /* Project object */;
}
